PODS:
  - DRPickerViews (0.1.0):
    - DRPickerViews/DatePickers (= 0.1.0)
  - DRPickerViews/DatePickers (0.1.0):
    - DRPickerViews/DatePickers/Classes (= 0.1.0)
    - DRPickerViews/DatePickers/SubViews (= 0.1.0)
  - DRPickerViews/DatePickers/Classes (0.1.0):
    - DRPickerViews/DatePickers/Classes/DRHourMinutePicker (= 0.1.0)
    - DRPickerViews/DatePickers/Classes/DRMDWTPicker (= 0.1.0)
    - DRPickerViews/DatePickers/Classes/DRTimeConsumingPicker (= 0.1.0)
    - DRPickerViews/DatePickers/Classes/DRYearMonthPicker (= 0.1.0)
    - DRPickerViews/DatePickers/Classes/DRYMDPicker (= 0.1.0)
    - DRPickerViews/DatePickers/Classes/DRYMDWithLunarPicker (= 0.1.0)
    - DRPickerViews/DatePickers/Classes/DRYMDWithTodayPicker (= 0.1.0)
  - DRPickerViews/DatePickers/Classes/DRHourMinutePicker (0.1.0)
  - DRPickerViews/DatePickers/Classes/DRMDWTPicker (0.1.0)
  - DRPickerViews/DatePickers/Classes/DRTimeConsumingPicker (0.1.0)
  - DRPickerViews/DatePickers/Classes/DRYearMonthPicker (0.1.0)
  - DRPickerViews/DatePickers/Classes/DRYMDPicker (0.1.0)
  - DRPickerViews/DatePickers/Classes/DRYMDWithLunarPicker (0.1.0):
    - DRPickerViews/DatePickers/Classes/DRYMDWithLunarPicker/DataSource (= 0.1.0)
  - DRPickerViews/DatePickers/Classes/DRYMDWithLunarPicker/DataSource (0.1.0)
  - DRPickerViews/DatePickers/Classes/DRYMDWithTodayPicker (0.1.0)
  - DRPickerViews/DatePickers/SubViews (0.1.0)

DEPENDENCIES:
  - DRPickerViews (from `../`)

EXTERNAL SOURCES:
  DRPickerViews:
    :path: "../"

SPEC CHECKSUMS:
  DRPickerViews: 5d9a64018cf273a38d9b23c9fd73055a88b61fca

PODFILE CHECKSUM: 1dd133ffcdeb8a4715cd1de8ee0c41a7262bc58b

COCOAPODS: 1.7.0.rc.1
