PODS:
  - BlocksKit (2.2.5):
    - BlocksKit/All (= 2.2.5)
  - BlocksKit/All (2.2.5):
    - BlocksKit/Core
    - BlocksKit/DynamicDelegate
    - BlocksKit/MessageUI
    - BlocksKit/UIKit
  - BlocksKit/Core (2.2.5)
  - BlocksKit/DynamicDelegate (2.2.5)
  - BlocksKit/MessageUI (2.2.5):
    - BlocksKit/Core
    - BlocksKit/DynamicDelegate
  - BlocksKit/UIKit (2.2.5):
    - BlocksKit/Core
    - BlocksKit/DynamicDelegate
  - DRCategories (0.1.26):
    - DRCategories/Foundation (= 0.1.26)
    - DRCategories/UIKit (= 0.1.26)
    - DRMacroDefines
    - DRSandboxManager
    - pop
    - RegExCategories
  - DRCategories/Foundation (0.1.26):
    - DRMacroDefines
    - DRSandboxManager
    - pop
    - RegExCategories
  - DRCategories/UIKit (0.1.26):
    - DRMacroDefines
    - DRSandboxManager
    - pop
    - RegExCategories
  - DRMacroDefines (0.1.2)
  - DRPickerViews (0.3.2):
    - DRCategories
    - DRMacroDefines
    - DRPickerViews/Factory (= 0.3.2)
    - DRPickerViews/Pickers (= 0.3.2)
    - DRUIWidgetKit
    - HexColors (= 4.0.0)
  - DRPickerViews/Factory (0.3.2):
    - DRCategories
    - DRMacroDefines
    - DRPickerViews/Pickers
    - DRUIWidgetKit
    - HexColors (= 4.0.0)
  - DRPickerViews/Pickers (0.3.2):
    - DRCategories
    - DRMacroDefines
    - DRPickerViews/Pickers/AheadTimePicker (= 0.3.2)
    - DRPickerViews/Pickers/CityPicker (= 0.3.2)
    - DRPickerViews/Pickers/ClassDurationPicker (= 0.3.2)
    - DRPickerViews/Pickers/ClassTableWeekPicker (= 0.3.2)
    - DRPickerViews/Pickers/ClassTermPicker (= 0.3.2)
    - DRPickerViews/Pickers/ClassTimeRemindPicker (= 0.3.2)
    - DRPickerViews/Pickers/Common (= 0.3.2)
    - DRPickerViews/Pickers/DateToNowPicker (= 0.3.2)
    - DRPickerViews/Pickers/HourMinutePicker (= 0.3.2)
    - DRPickerViews/Pickers/LinkagePicker (= 0.3.2)
    - DRPickerViews/Pickers/MultipleColumnPicker (= 0.3.2)
    - DRPickerViews/Pickers/OneWeekPicker (= 0.3.2)
    - DRPickerViews/Pickers/OptionCardPicker (= 0.3.2)
    - DRPickerViews/Pickers/StringOptionPicker (= 0.3.2)
    - DRPickerViews/Pickers/TimeConsumingPicker (= 0.3.2)
    - DRPickerViews/Pickers/ValueSelectPicker (= 0.3.2)
    - DRPickerViews/Pickers/WithLunarPicker (= 0.3.2)
    - DRPickerViews/Pickers/YearMonthDayPicker (= 0.3.2)
    - DRPickerViews/Pickers/YearMonthPicker (= 0.3.2)
    - DRPickerViews/Pickers/YearOrYearMonthPicker (= 0.3.2)
    - DRUIWidgetKit
    - HexColors (= 4.0.0)
  - DRPickerViews/Pickers/AheadTimePicker (0.3.2):
    - DRCategories
    - DRMacroDefines
    - DRPickerViews/Pickers/Common
    - DRUIWidgetKit
    - HexColors (= 4.0.0)
  - DRPickerViews/Pickers/CityPicker (0.3.2):
    - DRCategories
    - DRMacroDefines
    - DRPickerViews/Pickers/Common
    - DRUIWidgetKit
    - HexColors (= 4.0.0)
  - DRPickerViews/Pickers/ClassDurationPicker (0.3.2):
    - DRCategories
    - DRMacroDefines
    - DRPickerViews/Pickers/Common
    - DRUIWidgetKit
    - HexColors (= 4.0.0)
  - DRPickerViews/Pickers/ClassTableWeekPicker (0.3.2):
    - DRCategories
    - DRMacroDefines
    - DRPickerViews/Pickers/Common
    - DRUIWidgetKit
    - HexColors (= 4.0.0)
  - DRPickerViews/Pickers/ClassTermPicker (0.3.2):
    - DRCategories
    - DRMacroDefines
    - DRPickerViews/Pickers/Common
    - DRUIWidgetKit
    - HexColors (= 4.0.0)
  - DRPickerViews/Pickers/ClassTimeRemindPicker (0.3.2):
    - DRCategories
    - DRMacroDefines
    - DRPickerViews/Pickers/Common
    - DRUIWidgetKit
    - HexColors (= 4.0.0)
  - DRPickerViews/Pickers/Common (0.3.2):
    - DRCategories
    - DRMacroDefines
    - DRUIWidgetKit
    - HexColors (= 4.0.0)
  - DRPickerViews/Pickers/DateToNowPicker (0.3.2):
    - DRCategories
    - DRMacroDefines
    - DRPickerViews/Pickers/Common
    - DRUIWidgetKit
    - HexColors (= 4.0.0)
  - DRPickerViews/Pickers/HourMinutePicker (0.3.2):
    - DRCategories
    - DRMacroDefines
    - DRPickerViews/Pickers/Common
    - DRUIWidgetKit
    - HexColors (= 4.0.0)
  - DRPickerViews/Pickers/LinkagePicker (0.3.2):
    - DRCategories
    - DRMacroDefines
    - DRPickerViews/Pickers/Common
    - DRUIWidgetKit
    - HexColors (= 4.0.0)
  - DRPickerViews/Pickers/MultipleColumnPicker (0.3.2):
    - DRCategories
    - DRMacroDefines
    - DRPickerViews/Pickers/Common
    - DRUIWidgetKit
    - HexColors (= 4.0.0)
  - DRPickerViews/Pickers/OneWeekPicker (0.3.2):
    - DRCategories
    - DRMacroDefines
    - DRPickerViews/Pickers/Common
    - DRUIWidgetKit
    - HexColors (= 4.0.0)
  - DRPickerViews/Pickers/OptionCardPicker (0.3.2):
    - DRCategories
    - DRMacroDefines
    - DRPickerViews/Pickers/Common
    - DRUIWidgetKit
    - HexColors (= 4.0.0)
  - DRPickerViews/Pickers/StringOptionPicker (0.3.2):
    - DRCategories
    - DRMacroDefines
    - DRPickerViews/Pickers/Common
    - DRUIWidgetKit
    - HexColors (= 4.0.0)
  - DRPickerViews/Pickers/TimeConsumingPicker (0.3.2):
    - DRCategories
    - DRMacroDefines
    - DRPickerViews/Pickers/Common
    - DRUIWidgetKit
    - HexColors (= 4.0.0)
  - DRPickerViews/Pickers/ValueSelectPicker (0.3.2):
    - DRCategories
    - DRMacroDefines
    - DRPickerViews/Pickers/Common
    - DRUIWidgetKit
    - HexColors (= 4.0.0)
  - DRPickerViews/Pickers/WithLunarPicker (0.3.2):
    - DRCategories
    - DRMacroDefines
    - DRPickerViews/Pickers/Common
    - DRUIWidgetKit
    - HexColors (= 4.0.0)
  - DRPickerViews/Pickers/YearMonthDayPicker (0.3.2):
    - DRCategories
    - DRMacroDefines
    - DRPickerViews/Pickers/Common
    - DRUIWidgetKit
    - HexColors (= 4.0.0)
  - DRPickerViews/Pickers/YearMonthPicker (0.3.2):
    - DRCategories
    - DRMacroDefines
    - DRPickerViews/Pickers/Common
    - DRUIWidgetKit
    - HexColors (= 4.0.0)
  - DRPickerViews/Pickers/YearOrYearMonthPicker (0.3.2):
    - DRCategories
    - DRMacroDefines
    - DRPickerViews/Pickers/Common
    - DRUIWidgetKit
    - HexColors (= 4.0.0)
  - DRSandboxManager (0.1.6)
  - DRToastView (0.1.1):
    - DRMacroDefines
    - JXExtension
  - DRUIWidgetKit (0.2.0):
    - BlocksKit
    - DRCategories
    - DRMacroDefines
    - DRToastView
    - DRUIWidgetKit/CheckboxGroupView (= 0.2.0)
    - DRUIWidgetKit/CityPickerView (= 0.2.0)
    - DRUIWidgetKit/ClassDurationPickerView (= 0.2.0)
    - DRUIWidgetKit/ClassRemindTimePickerView (= 0.2.0)
    - DRUIWidgetKit/ClassTermPickerView (= 0.2.0)
    - DRUIWidgetKit/Common (= 0.2.0)
    - DRUIWidgetKit/CustomLayout (= 0.2.0)
    - DRUIWidgetKit/DatePickerView (= 0.2.0)
    - DRUIWidgetKit/DRPageControl (= 0.2.0)
    - DRUIWidgetKit/HorizenPageView (= 0.2.0)
    - DRUIWidgetKit/HourMinutePickerView (= 0.2.0)
    - DRUIWidgetKit/LunarDatePickerView (= 0.2.0)
    - DRUIWidgetKit/NormalDataPickerView (= 0.2.0)
    - DRUIWidgetKit/OptionCard (= 0.2.0)
    - DRUIWidgetKit/PickerContainerView (= 0.2.0)
    - DRUIWidgetKit/SectionView (= 0.2.0)
    - DRUIWidgetKit/Segment (= 0.2.0)
    - DRUIWidgetKit/StarRateView (= 0.2.0)
    - DRUIWidgetKit/TimeConsumePickerView (= 0.2.0)
    - DRUIWidgetKit/TopBar (= 0.2.0)
    - DRUIWidgetKit/ValuePickerView (= 0.2.0)
    - DRUIWidgetKit/VoiceWaveView (= 0.2.0)
    - DRUIWidgetKit/WeekPickerView (= 0.2.0)
    - HexColors (= 4.0.0)
    - Masonry
    - YYModel
  - DRUIWidgetKit/CheckboxGroupView (0.2.0):
    - BlocksKit
    - DRCategories
    - DRMacroDefines
    - DRToastView
    - DRUIWidgetKit/NormalDataPickerView
    - HexColors (= 4.0.0)
    - Masonry
    - YYModel
  - DRUIWidgetKit/CityPickerView (0.2.0):
    - BlocksKit
    - DRCategories
    - DRMacroDefines
    - DRToastView
    - DRUIWidgetKit/Common
    - HexColors (= 4.0.0)
    - Masonry
    - YYModel
  - DRUIWidgetKit/ClassDurationPickerView (0.2.0):
    - BlocksKit
    - DRCategories
    - DRMacroDefines
    - DRToastView
    - DRUIWidgetKit/NormalDataPickerView
    - HexColors (= 4.0.0)
    - Masonry
    - YYModel
  - DRUIWidgetKit/ClassRemindTimePickerView (0.2.0):
    - BlocksKit
    - DRCategories
    - DRMacroDefines
    - DRToastView
    - DRUIWidgetKit/NormalDataPickerView
    - HexColors (= 4.0.0)
    - Masonry
    - YYModel
  - DRUIWidgetKit/ClassTermPickerView (0.2.0):
    - BlocksKit
    - DRCategories
    - DRMacroDefines
    - DRToastView
    - DRUIWidgetKit/NormalDataPickerView
    - HexColors (= 4.0.0)
    - Masonry
    - YYModel
  - DRUIWidgetKit/Common (0.2.0):
    - BlocksKit
    - DRCategories
    - DRMacroDefines
    - DRToastView
    - HexColors (= 4.0.0)
    - Masonry
    - YYModel
  - DRUIWidgetKit/CustomLayout (0.2.0):
    - BlocksKit
    - DRCategories
    - DRMacroDefines
    - DRToastView
    - DRUIWidgetKit/Common
    - HexColors (= 4.0.0)
    - Masonry
    - YYModel
  - DRUIWidgetKit/DatePickerView (0.2.0):
    - BlocksKit
    - DRCategories
    - DRMacroDefines
    - DRToastView
    - DRUIWidgetKit/Common
    - HexColors (= 4.0.0)
    - Masonry
    - YYModel
  - DRUIWidgetKit/DRPageControl (0.2.0):
    - BlocksKit
    - DRCategories
    - DRMacroDefines
    - DRToastView
    - DRUIWidgetKit/Common
    - HexColors (= 4.0.0)
    - Masonry
    - YYModel
  - DRUIWidgetKit/HorizenPageView (0.2.0):
    - BlocksKit
    - DRCategories
    - DRMacroDefines
    - DRToastView
    - DRUIWidgetKit/Common
    - DRUIWidgetKit/CustomLayout
    - DRUIWidgetKit/DRPageControl
    - HexColors (= 4.0.0)
    - Masonry
    - YYModel
  - DRUIWidgetKit/HourMinutePickerView (0.2.0):
    - BlocksKit
    - DRCategories
    - DRMacroDefines
    - DRToastView
    - DRUIWidgetKit/Common
    - HexColors (= 4.0.0)
    - Masonry
    - YYModel
  - DRUIWidgetKit/LunarDatePickerView (0.2.0):
    - BlocksKit
    - DRCategories
    - DRMacroDefines
    - DRToastView
    - DRUIWidgetKit/Common
    - HexColors (= 4.0.0)
    - Masonry
    - YYModel
  - DRUIWidgetKit/NormalDataPickerView (0.2.0):
    - BlocksKit
    - DRCategories
    - DRMacroDefines
    - DRToastView
    - DRUIWidgetKit/Common
    - HexColors (= 4.0.0)
    - Masonry
    - YYModel
  - DRUIWidgetKit/OptionCard (0.2.0):
    - BlocksKit
    - DRCategories
    - DRMacroDefines
    - DRToastView
    - DRUIWidgetKit/Common
    - HexColors (= 4.0.0)
    - Masonry
    - YYModel
  - DRUIWidgetKit/PickerContainerView (0.2.0):
    - BlocksKit
    - DRCategories
    - DRMacroDefines
    - DRToastView
    - DRUIWidgetKit/Common
    - HexColors (= 4.0.0)
    - Masonry
    - YYModel
  - DRUIWidgetKit/SectionView (0.2.0):
    - BlocksKit
    - DRCategories
    - DRMacroDefines
    - DRToastView
    - DRUIWidgetKit/Common
    - HexColors (= 4.0.0)
    - Masonry
    - YYModel
  - DRUIWidgetKit/Segment (0.2.0):
    - BlocksKit
    - DRCategories
    - DRMacroDefines
    - DRToastView
    - DRUIWidgetKit/Common
    - HexColors (= 4.0.0)
    - Masonry
    - YYModel
  - DRUIWidgetKit/StarRateView (0.2.0):
    - BlocksKit
    - DRCategories
    - DRMacroDefines
    - DRToastView
    - DRUIWidgetKit/Common
    - HexColors (= 4.0.0)
    - Masonry
    - YYModel
  - DRUIWidgetKit/TimeConsumePickerView (0.2.0):
    - BlocksKit
    - DRCategories
    - DRMacroDefines
    - DRToastView
    - DRUIWidgetKit/Common
    - HexColors (= 4.0.0)
    - Masonry
    - YYModel
  - DRUIWidgetKit/TopBar (0.2.0):
    - BlocksKit
    - DRCategories
    - DRMacroDefines
    - DRToastView
    - DRUIWidgetKit/Common
    - HexColors (= 4.0.0)
    - Masonry
    - YYModel
  - DRUIWidgetKit/ValuePickerView (0.2.0):
    - BlocksKit
    - DRCategories
    - DRMacroDefines
    - DRToastView
    - DRUIWidgetKit/Common
    - HexColors (= 4.0.0)
    - Masonry
    - YYModel
  - DRUIWidgetKit/VoiceWaveView (0.2.0):
    - BlocksKit
    - DRCategories
    - DRMacroDefines
    - DRToastView
    - DRUIWidgetKit/Common
    - HexColors (= 4.0.0)
    - Masonry
    - YYModel
  - DRUIWidgetKit/WeekPickerView (0.2.0):
    - BlocksKit
    - DRCategories
    - DRMacroDefines
    - DRToastView
    - DRUIWidgetKit/Common
    - HexColors (= 4.0.0)
    - Masonry
    - YYModel
  - HexColors (4.0.0)
  - JXExtension (0.4.3):
    - JXExtension/Category (= 0.4.3)
    - JXExtension/Transition (= 0.4.3)
    - JXExtension/View (= 0.4.3)
    - SDVersion
  - JXExtension/Category (0.4.3):
    - SDVersion
  - JXExtension/Transition (0.4.3):
    - SDVersion
  - JXExtension/View (0.4.3):
    - JXExtension/Category
    - SDVersion
  - Masonry (1.1.0)
  - pop (1.0.12)
  - RegExCategories (1.0)
  - SDVersion (4.3.2)
  - YYModel (1.0.4)

DEPENDENCIES:
  - BlocksKit
  - DRPickerViews (from `../`)
  - YYModel

SPEC REPOS:
  trunk:
    - BlocksKit
    - DRCategories
    - DRMacroDefines
    - DRSandboxManager
    - DRToastView
    - DRUIWidgetKit
    - HexColors
    - JXExtension
    - Masonry
    - pop
    - RegExCategories
    - SDVersion
    - YYModel

EXTERNAL SOURCES:
  DRPickerViews:
    :path: "../"

SPEC CHECKSUMS:
  BlocksKit: 7f422b971407001178d181a43b99014ea2591fe6
  DRCategories: 5ce7e79748e3cbfd8813f34431c36f44eed0fd09
  DRMacroDefines: 58aa271bc1c4170fa09f4f33dcad18fc4f21a57e
  DRPickerViews: 8aa6652e01f9868e4960663c66cff6dae883494b
  DRSandboxManager: dc4c6a07a6ab2b0f01aac05ab2d1c128587e91a7
  DRToastView: 3e7a5d8c66640ca6c618910c926425c9c0ab3954
  DRUIWidgetKit: 48134b0c926cf5d135dc96c490def432bdf8e39f
  HexColors: 5f95843ef89aff6a72e1fd3a8ebabf205cc43379
  JXExtension: fcd9c1a14f2460543a240ab385394a01b541393a
  Masonry: 678fab65091a9290e40e2832a55e7ab731aad201
  pop: d582054913807fd11fd50bfe6a539d91c7e1a55a
  RegExCategories: e68befacacd5bda853c88f70ec745cb2d0cfb89c
  SDVersion: 18f32c835c1543611fcfae3c6accd9a04b90597e
  YYModel: 2a7fdd96aaa4b86a824e26d0c517de8928c04b30

PODFILE CHECKSUM: ad5c5ae183157645d67499b43970e3920496657a

COCOAPODS: 1.8.4
