// !$*UTF8*$!
{
	archiveVersion = 1;
	classes = {
	};
	objectVersion = 46;
	objects = {

/* Begin PBXBuildFile section */
		24CC6B29235DB068004E94DA /* city_list.json in Resources */ = {isa = PBXBuildFile; fileRef = 24CC6B28235DB068004E94DA /* city_list.json */; };
		24D937582449810D000A3288 /* DRUIkitViewController.m in Sources */ = {isa = PBXBuildFile; fileRef = 24D937572449810D000A3288 /* DRUIkitViewController.m */; };
		24D9375B24498313000A3288 /* DRScrollableTestViewController.m in Sources */ = {isa = PBXBuildFile; fileRef = 24D9375A24498313000A3288 /* DRScrollableTestViewController.m */; };
		24D9377B2449832D000A3288 /* DRFoldableOptionItemViewController.m in Sources */ = {isa = PBXBuildFile; fileRef = 24D9375E2449832C000A3288 /* DRFoldableOptionItemViewController.m */; };
		24D9377C2449832D000A3288 /* DRFoldableItemModel.m in Sources */ = {isa = PBXBuildFile; fileRef = 24D937612449832C000A3288 /* DRFoldableItemModel.m */; };
		24D9377D2449832D000A3288 /* FoldableOptionView.xcassets in Resources */ = {isa = PBXBuildFile; fileRef = 24D937632449832C000A3288 /* FoldableOptionView.xcassets */; };
		24D9377E2449832D000A3288 /* DRFoldableOptionCell.xib in Resources */ = {isa = PBXBuildFile; fileRef = 24D937652449832C000A3288 /* DRFoldableOptionCell.xib */; };
		24D9377F2449832D000A3288 /* DRFoldableOptionCell.m in Sources */ = {isa = PBXBuildFile; fileRef = 24D937662449832C000A3288 /* DRFoldableOptionCell.m */; };
		24D937802449832D000A3288 /* DRTimeFlowViewController.m in Sources */ = {isa = PBXBuildFile; fileRef = 24D9376A2449832C000A3288 /* DRTimeFlowViewController.m */; };
		24D937812449832D000A3288 /* DRTimeFlowViewController.xib in Resources */ = {isa = PBXBuildFile; fileRef = 24D9376B2449832C000A3288 /* DRTimeFlowViewController.xib */; };
		24D937822449832D000A3288 /* DRTimeFlowPullRefreshView.m in Sources */ = {isa = PBXBuildFile; fileRef = 24D9376C2449832C000A3288 /* DRTimeFlowPullRefreshView.m */; };
		24D937832449832D000A3288 /* TimeFlow.xcassets in Resources */ = {isa = PBXBuildFile; fileRef = 24D9376D2449832C000A3288 /* TimeFlow.xcassets */; };
		24D937842449832D000A3288 /* DRTimeFlowCell.xib in Resources */ = {isa = PBXBuildFile; fileRef = 24D937702449832C000A3288 /* DRTimeFlowCell.xib */; };
		24D937852449832D000A3288 /* DRTimeFlowCell.m in Sources */ = {isa = PBXBuildFile; fileRef = 24D937712449832C000A3288 /* DRTimeFlowCell.m */; };
		24D937862449832D000A3288 /* DRDragSortTableViewController.m in Sources */ = {isa = PBXBuildFile; fileRef = 24D937752449832D000A3288 /* DRDragSortTableViewController.m */; };
		24D937872449832D000A3288 /* DRTextScrollViewViewController.m in Sources */ = {isa = PBXBuildFile; fileRef = 24D937762449832D000A3288 /* DRTextScrollViewViewController.m */; };
		24D937882449832D000A3288 /* DRDragSortDeleteCell.xib in Resources */ = {isa = PBXBuildFile; fileRef = 24D937772449832D000A3288 /* DRDragSortDeleteCell.xib */; };
		24D937892449832D000A3288 /* DRDragSortDeleteCell.m in Sources */ = {isa = PBXBuildFile; fileRef = 24D937782449832D000A3288 /* DRDragSortDeleteCell.m */; };
		24D93850244984CF000A3288 /* DRSegmentTemplateController.m in Sources */ = {isa = PBXBuildFile; fileRef = 24D9383D244984CD000A3288 /* DRSegmentTemplateController.m */; };
		24D93851244984CF000A3288 /* DRStarRateViewController.m in Sources */ = {isa = PBXBuildFile; fileRef = 24D9383E244984CD000A3288 /* DRStarRateViewController.m */; };
		24D93852244984CF000A3288 /* DatePicker.storyboard in Resources */ = {isa = PBXBuildFile; fileRef = 24D9383F244984CD000A3288 /* DatePicker.storyboard */; };
		24D93853244984CF000A3288 /* DRDatePickerViewController.m in Sources */ = {isa = PBXBuildFile; fileRef = 24D93842244984CE000A3288 /* DRDatePickerViewController.m */; };
		24D93854244984CF000A3288 /* DRHorizenPageController.m in Sources */ = {isa = PBXBuildFile; fileRef = 24D93844244984CE000A3288 /* DRHorizenPageController.m */; };
		24D93855244984CF000A3288 /* DRComponentPageController.m in Sources */ = {isa = PBXBuildFile; fileRef = 24D93846244984CE000A3288 /* DRComponentPageController.m */; };
		24D93856244984CF000A3288 /* DRFocusTempleViewController.m in Sources */ = {isa = PBXBuildFile; fileRef = 24D93848244984CE000A3288 /* DRFocusTempleViewController.m */; };
		24D93857244984CF000A3288 /* DRVoiceWaveController.m in Sources */ = {isa = PBXBuildFile; fileRef = 24D9384A244984CE000A3288 /* DRVoiceWaveController.m */; };
		24D93858244984CF000A3288 /* DRPageTemplateCell.xib in Resources */ = {isa = PBXBuildFile; fileRef = 24D9384B244984CE000A3288 /* DRPageTemplateCell.xib */; };
		24D93859244984CF000A3288 /* DRVerticalColelctionController.m in Sources */ = {isa = PBXBuildFile; fileRef = 24D9384E244984CE000A3288 /* DRVerticalColelctionController.m */; };
		24D9385A244984CF000A3288 /* DRPageTemplateCell.m in Sources */ = {isa = PBXBuildFile; fileRef = 24D9384F244984CF000A3288 /* DRPageTemplateCell.m */; };
		24D9385D2449856A000A3288 /* DROtherTestController.m in Sources */ = {isa = PBXBuildFile; fileRef = 24D9385C2449856A000A3288 /* DROtherTestController.m */; };
		6003F58E195388D20070C39A /* Foundation.framework in Frameworks */ = {isa = PBXBuildFile; fileRef = 6003F58D195388D20070C39A /* Foundation.framework */; };
		6003F590195388D20070C39A /* CoreGraphics.framework in Frameworks */ = {isa = PBXBuildFile; fileRef = 6003F58F195388D20070C39A /* CoreGraphics.framework */; };
		6003F592195388D20070C39A /* UIKit.framework in Frameworks */ = {isa = PBXBuildFile; fileRef = 6003F591195388D20070C39A /* UIKit.framework */; };
		6003F598195388D20070C39A /* InfoPlist.strings in Resources */ = {isa = PBXBuildFile; fileRef = 6003F596195388D20070C39A /* InfoPlist.strings */; };
		6003F59A195388D20070C39A /* main.m in Sources */ = {isa = PBXBuildFile; fileRef = 6003F599195388D20070C39A /* main.m */; };
		6003F59E195388D20070C39A /* DRAppDelegate.m in Sources */ = {isa = PBXBuildFile; fileRef = 6003F59D195388D20070C39A /* DRAppDelegate.m */; };
		6003F5A7195388D20070C39A /* DRViewController.m in Sources */ = {isa = PBXBuildFile; fileRef = 6003F5A6195388D20070C39A /* DRViewController.m */; };
		6003F5A9195388D20070C39A /* Images.xcassets in Resources */ = {isa = PBXBuildFile; fileRef = 6003F5A8195388D20070C39A /* Images.xcassets */; };
		6003F5B0195388D20070C39A /* XCTest.framework in Frameworks */ = {isa = PBXBuildFile; fileRef = 6003F5AF195388D20070C39A /* XCTest.framework */; };
		6003F5B1195388D20070C39A /* Foundation.framework in Frameworks */ = {isa = PBXBuildFile; fileRef = 6003F58D195388D20070C39A /* Foundation.framework */; };
		6003F5B2195388D20070C39A /* UIKit.framework in Frameworks */ = {isa = PBXBuildFile; fileRef = 6003F591195388D20070C39A /* UIKit.framework */; };
		6003F5BA195388D20070C39A /* InfoPlist.strings in Resources */ = {isa = PBXBuildFile; fileRef = 6003F5B8195388D20070C39A /* InfoPlist.strings */; };
		6003F5BC195388D20070C39A /* Tests.m in Sources */ = {isa = PBXBuildFile; fileRef = 6003F5BB195388D20070C39A /* Tests.m */; };
		71719F9F1E33DC2100824A3D /* LaunchScreen.storyboard in Resources */ = {isa = PBXBuildFile; fileRef = 71719F9D1E33DC2100824A3D /* LaunchScreen.storyboard */; };
		873B8AEB1B1F5CCA007FD442 /* Main.storyboard in Resources */ = {isa = PBXBuildFile; fileRef = 873B8AEA1B1F5CCA007FD442 /* Main.storyboard */; };
		A1FD34BECB88F23EAF6A4203 /* Pods_DRPickerViews_Tests.framework in Frameworks */ = {isa = PBXBuildFile; fileRef = C289CB6368DE7ABF91072549 /* Pods_DRPickerViews_Tests.framework */; };
		FE2BCE6293748E739765D39C /* Pods_DRPickerViews_Example.framework in Frameworks */ = {isa = PBXBuildFile; fileRef = 531B7C7A17735D74E729DCF8 /* Pods_DRPickerViews_Example.framework */; };
/* End PBXBuildFile section */

/* Begin PBXContainerItemProxy section */
		6003F5B3195388D20070C39A /* PBXContainerItemProxy */ = {
			isa = PBXContainerItemProxy;
			containerPortal = 6003F582195388D10070C39A /* Project object */;
			proxyType = 1;
			remoteGlobalIDString = 6003F589195388D20070C39A;
			remoteInfo = DRPickerViews;
		};
/* End PBXContainerItemProxy section */

/* Begin PBXFileReference section */
		248A6414558C264E90E0BBE2 /* Pods-DRPickerViews_Example.release.xcconfig */ = {isa = PBXFileReference; includeInIndex = 1; lastKnownFileType = text.xcconfig; name = "Pods-DRPickerViews_Example.release.xcconfig"; path = "Target Support Files/Pods-DRPickerViews_Example/Pods-DRPickerViews_Example.release.xcconfig"; sourceTree = "<group>"; };
		24CC6B28235DB068004E94DA /* city_list.json */ = {isa = PBXFileReference; fileEncoding = 4; lastKnownFileType = text.json; path = city_list.json; sourceTree = "<group>"; };
		24D937562449810D000A3288 /* DRUIKitViewController.h */ = {isa = PBXFileReference; fileEncoding = 4; lastKnownFileType = sourcecode.c.h; path = DRUIKitViewController.h; sourceTree = "<group>"; };
		24D937572449810D000A3288 /* DRUIkitViewController.m */ = {isa = PBXFileReference; fileEncoding = 4; lastKnownFileType = sourcecode.c.objc; path = DRUIkitViewController.m; sourceTree = "<group>"; };
		24D9375924498313000A3288 /* DRScrollableTestViewController.h */ = {isa = PBXFileReference; fileEncoding = 4; lastKnownFileType = sourcecode.c.h; path = DRScrollableTestViewController.h; sourceTree = "<group>"; };
		24D9375A24498313000A3288 /* DRScrollableTestViewController.m */ = {isa = PBXFileReference; fileEncoding = 4; lastKnownFileType = sourcecode.c.objc; path = DRScrollableTestViewController.m; sourceTree = "<group>"; };
		24D9375E2449832C000A3288 /* DRFoldableOptionItemViewController.m */ = {isa = PBXFileReference; fileEncoding = 4; lastKnownFileType = sourcecode.c.objc; path = DRFoldableOptionItemViewController.m; sourceTree = "<group>"; };
		24D937602449832C000A3288 /* DRFoldableItemModel.h */ = {isa = PBXFileReference; fileEncoding = 4; lastKnownFileType = sourcecode.c.h; path = DRFoldableItemModel.h; sourceTree = "<group>"; };
		24D937612449832C000A3288 /* DRFoldableItemModel.m */ = {isa = PBXFileReference; fileEncoding = 4; lastKnownFileType = sourcecode.c.objc; path = DRFoldableItemModel.m; sourceTree = "<group>"; };
		24D937622449832C000A3288 /* DRFoldableOptionItemViewController.h */ = {isa = PBXFileReference; fileEncoding = 4; lastKnownFileType = sourcecode.c.h; path = DRFoldableOptionItemViewController.h; sourceTree = "<group>"; };
		24D937632449832C000A3288 /* FoldableOptionView.xcassets */ = {isa = PBXFileReference; lastKnownFileType = folder.assetcatalog; path = FoldableOptionView.xcassets; sourceTree = "<group>"; };
		24D937652449832C000A3288 /* DRFoldableOptionCell.xib */ = {isa = PBXFileReference; fileEncoding = 4; lastKnownFileType = file.xib; path = DRFoldableOptionCell.xib; sourceTree = "<group>"; };
		24D937662449832C000A3288 /* DRFoldableOptionCell.m */ = {isa = PBXFileReference; fileEncoding = 4; lastKnownFileType = sourcecode.c.objc; path = DRFoldableOptionCell.m; sourceTree = "<group>"; };
		24D937672449832C000A3288 /* DRFoldableOptionCell.h */ = {isa = PBXFileReference; fileEncoding = 4; lastKnownFileType = sourcecode.c.h; path = DRFoldableOptionCell.h; sourceTree = "<group>"; };
		24D937692449832C000A3288 /* DRTimeFlowPullRefreshView.h */ = {isa = PBXFileReference; fileEncoding = 4; lastKnownFileType = sourcecode.c.h; path = DRTimeFlowPullRefreshView.h; sourceTree = "<group>"; };
		24D9376A2449832C000A3288 /* DRTimeFlowViewController.m */ = {isa = PBXFileReference; fileEncoding = 4; lastKnownFileType = sourcecode.c.objc; path = DRTimeFlowViewController.m; sourceTree = "<group>"; };
		24D9376B2449832C000A3288 /* DRTimeFlowViewController.xib */ = {isa = PBXFileReference; fileEncoding = 4; lastKnownFileType = file.xib; path = DRTimeFlowViewController.xib; sourceTree = "<group>"; };
		24D9376C2449832C000A3288 /* DRTimeFlowPullRefreshView.m */ = {isa = PBXFileReference; fileEncoding = 4; lastKnownFileType = sourcecode.c.objc; path = DRTimeFlowPullRefreshView.m; sourceTree = "<group>"; };
		24D9376D2449832C000A3288 /* TimeFlow.xcassets */ = {isa = PBXFileReference; lastKnownFileType = folder.assetcatalog; path = TimeFlow.xcassets; sourceTree = "<group>"; };
		24D9376F2449832C000A3288 /* DRTimeFlowCell.h */ = {isa = PBXFileReference; fileEncoding = 4; lastKnownFileType = sourcecode.c.h; path = DRTimeFlowCell.h; sourceTree = "<group>"; };
		24D937702449832C000A3288 /* DRTimeFlowCell.xib */ = {isa = PBXFileReference; fileEncoding = 4; lastKnownFileType = file.xib; path = DRTimeFlowCell.xib; sourceTree = "<group>"; };
		24D937712449832C000A3288 /* DRTimeFlowCell.m */ = {isa = PBXFileReference; fileEncoding = 4; lastKnownFileType = sourcecode.c.objc; path = DRTimeFlowCell.m; sourceTree = "<group>"; };
		24D937722449832C000A3288 /* DRTimeFlowViewController.h */ = {isa = PBXFileReference; fileEncoding = 4; lastKnownFileType = sourcecode.c.h; path = DRTimeFlowViewController.h; sourceTree = "<group>"; };
		24D937742449832D000A3288 /* DRDragSortDeleteCell.h */ = {isa = PBXFileReference; fileEncoding = 4; lastKnownFileType = sourcecode.c.h; path = DRDragSortDeleteCell.h; sourceTree = "<group>"; };
		24D937752449832D000A3288 /* DRDragSortTableViewController.m */ = {isa = PBXFileReference; fileEncoding = 4; lastKnownFileType = sourcecode.c.objc; path = DRDragSortTableViewController.m; sourceTree = "<group>"; };
		24D937762449832D000A3288 /* DRTextScrollViewViewController.m */ = {isa = PBXFileReference; fileEncoding = 4; lastKnownFileType = sourcecode.c.objc; path = DRTextScrollViewViewController.m; sourceTree = "<group>"; };
		24D937772449832D000A3288 /* DRDragSortDeleteCell.xib */ = {isa = PBXFileReference; fileEncoding = 4; lastKnownFileType = file.xib; path = DRDragSortDeleteCell.xib; sourceTree = "<group>"; };
		24D937782449832D000A3288 /* DRDragSortDeleteCell.m */ = {isa = PBXFileReference; fileEncoding = 4; lastKnownFileType = sourcecode.c.objc; path = DRDragSortDeleteCell.m; sourceTree = "<group>"; };
		24D937792449832D000A3288 /* DRTextScrollViewViewController.h */ = {isa = PBXFileReference; fileEncoding = 4; lastKnownFileType = sourcecode.c.h; path = DRTextScrollViewViewController.h; sourceTree = "<group>"; };
		24D9377A2449832D000A3288 /* DRDragSortTableViewController.h */ = {isa = PBXFileReference; fileEncoding = 4; lastKnownFileType = sourcecode.c.h; path = DRDragSortTableViewController.h; sourceTree = "<group>"; };
		24D9383C244984CD000A3288 /* DRVerticalColelctionController.h */ = {isa = PBXFileReference; fileEncoding = 4; lastKnownFileType = sourcecode.c.h; path = DRVerticalColelctionController.h; sourceTree = "<group>"; };
		24D9383D244984CD000A3288 /* DRSegmentTemplateController.m */ = {isa = PBXFileReference; fileEncoding = 4; lastKnownFileType = sourcecode.c.objc; path = DRSegmentTemplateController.m; sourceTree = "<group>"; };
		24D9383E244984CD000A3288 /* DRStarRateViewController.m */ = {isa = PBXFileReference; fileEncoding = 4; lastKnownFileType = sourcecode.c.objc; path = DRStarRateViewController.m; sourceTree = "<group>"; };
		24D9383F244984CD000A3288 /* DatePicker.storyboard */ = {isa = PBXFileReference; fileEncoding = 4; lastKnownFileType = file.storyboard; path = DatePicker.storyboard; sourceTree = "<group>"; };
		24D93840244984CD000A3288 /* DRDatePickerViewController.h */ = {isa = PBXFileReference; fileEncoding = 4; lastKnownFileType = sourcecode.c.h; path = DRDatePickerViewController.h; sourceTree = "<group>"; };
		24D93841244984CE000A3288 /* DRSegmentTemplateController.h */ = {isa = PBXFileReference; fileEncoding = 4; lastKnownFileType = sourcecode.c.h; path = DRSegmentTemplateController.h; sourceTree = "<group>"; };
		24D93842244984CE000A3288 /* DRDatePickerViewController.m */ = {isa = PBXFileReference; fileEncoding = 4; lastKnownFileType = sourcecode.c.objc; path = DRDatePickerViewController.m; sourceTree = "<group>"; };
		24D93843244984CE000A3288 /* DRComponentPageController.h */ = {isa = PBXFileReference; fileEncoding = 4; lastKnownFileType = sourcecode.c.h; path = DRComponentPageController.h; sourceTree = "<group>"; };
		24D93844244984CE000A3288 /* DRHorizenPageController.m */ = {isa = PBXFileReference; fileEncoding = 4; lastKnownFileType = sourcecode.c.objc; path = DRHorizenPageController.m; sourceTree = "<group>"; };
		24D93845244984CE000A3288 /* DRStarRateViewController.h */ = {isa = PBXFileReference; fileEncoding = 4; lastKnownFileType = sourcecode.c.h; path = DRStarRateViewController.h; sourceTree = "<group>"; };
		24D93846244984CE000A3288 /* DRComponentPageController.m */ = {isa = PBXFileReference; fileEncoding = 4; lastKnownFileType = sourcecode.c.objc; path = DRComponentPageController.m; sourceTree = "<group>"; };
		24D93847244984CE000A3288 /* DRPageTemplateCell.h */ = {isa = PBXFileReference; fileEncoding = 4; lastKnownFileType = sourcecode.c.h; path = DRPageTemplateCell.h; sourceTree = "<group>"; };
		24D93848244984CE000A3288 /* DRFocusTempleViewController.m */ = {isa = PBXFileReference; fileEncoding = 4; lastKnownFileType = sourcecode.c.objc; path = DRFocusTempleViewController.m; sourceTree = "<group>"; };
		24D93849244984CE000A3288 /* DRVoiceWaveController.h */ = {isa = PBXFileReference; fileEncoding = 4; lastKnownFileType = sourcecode.c.h; path = DRVoiceWaveController.h; sourceTree = "<group>"; };
		24D9384A244984CE000A3288 /* DRVoiceWaveController.m */ = {isa = PBXFileReference; fileEncoding = 4; lastKnownFileType = sourcecode.c.objc; path = DRVoiceWaveController.m; sourceTree = "<group>"; };
		24D9384B244984CE000A3288 /* DRPageTemplateCell.xib */ = {isa = PBXFileReference; fileEncoding = 4; lastKnownFileType = file.xib; path = DRPageTemplateCell.xib; sourceTree = "<group>"; };
		24D9384C244984CE000A3288 /* DRFocusTempleViewController.h */ = {isa = PBXFileReference; fileEncoding = 4; lastKnownFileType = sourcecode.c.h; path = DRFocusTempleViewController.h; sourceTree = "<group>"; };
		24D9384D244984CE000A3288 /* DRHorizenPageController.h */ = {isa = PBXFileReference; fileEncoding = 4; lastKnownFileType = sourcecode.c.h; path = DRHorizenPageController.h; sourceTree = "<group>"; };
		24D9384E244984CE000A3288 /* DRVerticalColelctionController.m */ = {isa = PBXFileReference; fileEncoding = 4; lastKnownFileType = sourcecode.c.objc; path = DRVerticalColelctionController.m; sourceTree = "<group>"; };
		24D9384F244984CF000A3288 /* DRPageTemplateCell.m */ = {isa = PBXFileReference; fileEncoding = 4; lastKnownFileType = sourcecode.c.objc; path = DRPageTemplateCell.m; sourceTree = "<group>"; };
		24D9385B2449856A000A3288 /* DROtherTestController.h */ = {isa = PBXFileReference; lastKnownFileType = sourcecode.c.h; path = DROtherTestController.h; sourceTree = "<group>"; };
		24D9385C2449856A000A3288 /* DROtherTestController.m */ = {isa = PBXFileReference; lastKnownFileType = sourcecode.c.objc; path = DROtherTestController.m; sourceTree = "<group>"; };
		4FA2FB32FA8AB473EF858EAF /* Pods-DRPickerViews_Tests.release.xcconfig */ = {isa = PBXFileReference; includeInIndex = 1; lastKnownFileType = text.xcconfig; name = "Pods-DRPickerViews_Tests.release.xcconfig"; path = "Target Support Files/Pods-DRPickerViews_Tests/Pods-DRPickerViews_Tests.release.xcconfig"; sourceTree = "<group>"; };
		531B7C7A17735D74E729DCF8 /* Pods_DRPickerViews_Example.framework */ = {isa = PBXFileReference; explicitFileType = wrapper.framework; includeInIndex = 0; path = Pods_DRPickerViews_Example.framework; sourceTree = BUILT_PRODUCTS_DIR; };
		5CA94E08B2912561F3631B3E /* LICENSE */ = {isa = PBXFileReference; includeInIndex = 1; lastKnownFileType = text; name = LICENSE; path = ../LICENSE; sourceTree = "<group>"; };
		6003F58A195388D20070C39A /* DRPickerViews_Example.app */ = {isa = PBXFileReference; explicitFileType = wrapper.application; includeInIndex = 0; path = DRPickerViews_Example.app; sourceTree = BUILT_PRODUCTS_DIR; };
		6003F58D195388D20070C39A /* Foundation.framework */ = {isa = PBXFileReference; lastKnownFileType = wrapper.framework; name = Foundation.framework; path = System/Library/Frameworks/Foundation.framework; sourceTree = SDKROOT; };
		6003F58F195388D20070C39A /* CoreGraphics.framework */ = {isa = PBXFileReference; lastKnownFileType = wrapper.framework; name = CoreGraphics.framework; path = System/Library/Frameworks/CoreGraphics.framework; sourceTree = SDKROOT; };
		6003F591195388D20070C39A /* UIKit.framework */ = {isa = PBXFileReference; lastKnownFileType = wrapper.framework; name = UIKit.framework; path = System/Library/Frameworks/UIKit.framework; sourceTree = SDKROOT; };
		6003F595195388D20070C39A /* DRPickerViews-Info.plist */ = {isa = PBXFileReference; lastKnownFileType = text.plist.xml; path = "DRPickerViews-Info.plist"; sourceTree = "<group>"; };
		6003F597195388D20070C39A /* en */ = {isa = PBXFileReference; lastKnownFileType = text.plist.strings; name = en; path = en.lproj/InfoPlist.strings; sourceTree = "<group>"; };
		6003F599195388D20070C39A /* main.m */ = {isa = PBXFileReference; lastKnownFileType = sourcecode.c.objc; path = main.m; sourceTree = "<group>"; };
		6003F59B195388D20070C39A /* DRPickerViews-Prefix.pch */ = {isa = PBXFileReference; lastKnownFileType = sourcecode.c.h; path = "DRPickerViews-Prefix.pch"; sourceTree = "<group>"; };
		6003F59C195388D20070C39A /* DRAppDelegate.h */ = {isa = PBXFileReference; lastKnownFileType = sourcecode.c.h; path = DRAppDelegate.h; sourceTree = "<group>"; };
		6003F59D195388D20070C39A /* DRAppDelegate.m */ = {isa = PBXFileReference; lastKnownFileType = sourcecode.c.objc; path = DRAppDelegate.m; sourceTree = "<group>"; };
		6003F5A5195388D20070C39A /* DRViewController.h */ = {isa = PBXFileReference; lastKnownFileType = sourcecode.c.h; path = DRViewController.h; sourceTree = "<group>"; };
		6003F5A6195388D20070C39A /* DRViewController.m */ = {isa = PBXFileReference; lastKnownFileType = sourcecode.c.objc; path = DRViewController.m; sourceTree = "<group>"; };
		6003F5A8195388D20070C39A /* Images.xcassets */ = {isa = PBXFileReference; lastKnownFileType = folder.assetcatalog; path = Images.xcassets; sourceTree = "<group>"; };
		6003F5AE195388D20070C39A /* DRPickerViews_Tests.xctest */ = {isa = PBXFileReference; explicitFileType = wrapper.cfbundle; includeInIndex = 0; path = DRPickerViews_Tests.xctest; sourceTree = BUILT_PRODUCTS_DIR; };
		6003F5AF195388D20070C39A /* XCTest.framework */ = {isa = PBXFileReference; lastKnownFileType = wrapper.framework; name = XCTest.framework; path = Library/Frameworks/XCTest.framework; sourceTree = DEVELOPER_DIR; };
		6003F5B7195388D20070C39A /* Tests-Info.plist */ = {isa = PBXFileReference; lastKnownFileType = text.plist.xml; path = "Tests-Info.plist"; sourceTree = "<group>"; };
		6003F5B9195388D20070C39A /* en */ = {isa = PBXFileReference; lastKnownFileType = text.plist.strings; name = en; path = en.lproj/InfoPlist.strings; sourceTree = "<group>"; };
		6003F5BB195388D20070C39A /* Tests.m */ = {isa = PBXFileReference; lastKnownFileType = sourcecode.c.objc; path = Tests.m; sourceTree = "<group>"; };
		606FC2411953D9B200FFA9A0 /* Tests-Prefix.pch */ = {isa = PBXFileReference; lastKnownFileType = sourcecode.c.h; path = "Tests-Prefix.pch"; sourceTree = "<group>"; };
		71719F9E1E33DC2100824A3D /* Base */ = {isa = PBXFileReference; lastKnownFileType = file.storyboard; name = Base; path = Base.lproj/LaunchScreen.storyboard; sourceTree = "<group>"; };
		873B8AEA1B1F5CCA007FD442 /* Main.storyboard */ = {isa = PBXFileReference; fileEncoding = 4; lastKnownFileType = file.storyboard; name = Main.storyboard; path = Base.lproj/Main.storyboard; sourceTree = "<group>"; };
		8F40CA8BDA297C5320EE556A /* Pods-DRPickerViews_Tests.debug.xcconfig */ = {isa = PBXFileReference; includeInIndex = 1; lastKnownFileType = text.xcconfig; name = "Pods-DRPickerViews_Tests.debug.xcconfig"; path = "Target Support Files/Pods-DRPickerViews_Tests/Pods-DRPickerViews_Tests.debug.xcconfig"; sourceTree = "<group>"; };
		962383468E3BE17A2AF20FA7 /* README.md */ = {isa = PBXFileReference; includeInIndex = 1; lastKnownFileType = net.daringfireball.markdown; name = README.md; path = ../README.md; sourceTree = "<group>"; };
		C289CB6368DE7ABF91072549 /* Pods_DRPickerViews_Tests.framework */ = {isa = PBXFileReference; explicitFileType = wrapper.framework; includeInIndex = 0; path = Pods_DRPickerViews_Tests.framework; sourceTree = BUILT_PRODUCTS_DIR; };
		C6891944E3A7DE42DBA03111 /* DRPickerViews.podspec */ = {isa = PBXFileReference; includeInIndex = 1; lastKnownFileType = text; name = DRPickerViews.podspec; path = ../DRPickerViews.podspec; sourceTree = "<group>"; xcLanguageSpecificationIdentifier = xcode.lang.ruby; };
		ED36938946654132B991B6B2 /* Pods-DRPickerViews_Example.debug.xcconfig */ = {isa = PBXFileReference; includeInIndex = 1; lastKnownFileType = text.xcconfig; name = "Pods-DRPickerViews_Example.debug.xcconfig"; path = "Target Support Files/Pods-DRPickerViews_Example/Pods-DRPickerViews_Example.debug.xcconfig"; sourceTree = "<group>"; };
/* End PBXFileReference section */

/* Begin PBXFrameworksBuildPhase section */
		6003F587195388D20070C39A /* Frameworks */ = {
			isa = PBXFrameworksBuildPhase;
			buildActionMask = 2147483647;
			files = (
				6003F590195388D20070C39A /* CoreGraphics.framework in Frameworks */,
				6003F592195388D20070C39A /* UIKit.framework in Frameworks */,
				6003F58E195388D20070C39A /* Foundation.framework in Frameworks */,
				FE2BCE6293748E739765D39C /* Pods_DRPickerViews_Example.framework in Frameworks */,
			);
			runOnlyForDeploymentPostprocessing = 0;
		};
		6003F5AB195388D20070C39A /* Frameworks */ = {
			isa = PBXFrameworksBuildPhase;
			buildActionMask = 2147483647;
			files = (
				6003F5B0195388D20070C39A /* XCTest.framework in Frameworks */,
				6003F5B2195388D20070C39A /* UIKit.framework in Frameworks */,
				6003F5B1195388D20070C39A /* Foundation.framework in Frameworks */,
				A1FD34BECB88F23EAF6A4203 /* Pods_DRPickerViews_Tests.framework in Frameworks */,
			);
			runOnlyForDeploymentPostprocessing = 0;
		};
/* End PBXFrameworksBuildPhase section */

/* Begin PBXGroup section */
		24D9375C2449832C000A3288 /* CollectionViewDemo */ = {
			isa = PBXGroup;
			children = (
				24D9375D2449832C000A3288 /* FoldableOptionItemDemo */,
				24D937682449832C000A3288 /* TimeFlow */,
			);
			path = CollectionViewDemo;
			sourceTree = "<group>";
		};
		24D9375D2449832C000A3288 /* FoldableOptionItemDemo */ = {
			isa = PBXGroup;
			children = (
				24D937622449832C000A3288 /* DRFoldableOptionItemViewController.h */,
				24D9375E2449832C000A3288 /* DRFoldableOptionItemViewController.m */,
				24D937632449832C000A3288 /* FoldableOptionView.xcassets */,
				24D9375F2449832C000A3288 /* Models */,
				24D937642449832C000A3288 /* Views */,
			);
			path = FoldableOptionItemDemo;
			sourceTree = "<group>";
		};
		24D9375F2449832C000A3288 /* Models */ = {
			isa = PBXGroup;
			children = (
				24D937602449832C000A3288 /* DRFoldableItemModel.h */,
				24D937612449832C000A3288 /* DRFoldableItemModel.m */,
			);
			path = Models;
			sourceTree = "<group>";
		};
		24D937642449832C000A3288 /* Views */ = {
			isa = PBXGroup;
			children = (
				24D937672449832C000A3288 /* DRFoldableOptionCell.h */,
				24D937662449832C000A3288 /* DRFoldableOptionCell.m */,
				24D937652449832C000A3288 /* DRFoldableOptionCell.xib */,
			);
			path = Views;
			sourceTree = "<group>";
		};
		24D937682449832C000A3288 /* TimeFlow */ = {
			isa = PBXGroup;
			children = (
				24D937692449832C000A3288 /* DRTimeFlowPullRefreshView.h */,
				24D9376C2449832C000A3288 /* DRTimeFlowPullRefreshView.m */,
				24D937722449832C000A3288 /* DRTimeFlowViewController.h */,
				24D9376A2449832C000A3288 /* DRTimeFlowViewController.m */,
				24D9376B2449832C000A3288 /* DRTimeFlowViewController.xib */,
				24D9376D2449832C000A3288 /* TimeFlow.xcassets */,
				24D9376E2449832C000A3288 /* Views */,
			);
			path = TimeFlow;
			sourceTree = "<group>";
		};
		24D9376E2449832C000A3288 /* Views */ = {
			isa = PBXGroup;
			children = (
				24D9376F2449832C000A3288 /* DRTimeFlowCell.h */,
				24D937712449832C000A3288 /* DRTimeFlowCell.m */,
				24D937702449832C000A3288 /* DRTimeFlowCell.xib */,
			);
			path = Views;
			sourceTree = "<group>";
		};
		24D937732449832D000A3288 /* DragSortTableViewDemo */ = {
			isa = PBXGroup;
			children = (
				24D937742449832D000A3288 /* DRDragSortDeleteCell.h */,
				24D937782449832D000A3288 /* DRDragSortDeleteCell.m */,
				24D937772449832D000A3288 /* DRDragSortDeleteCell.xib */,
				24D9377A2449832D000A3288 /* DRDragSortTableViewController.h */,
				24D937752449832D000A3288 /* DRDragSortTableViewController.m */,
				24D937792449832D000A3288 /* DRTextScrollViewViewController.h */,
				24D937762449832D000A3288 /* DRTextScrollViewViewController.m */,
			);
			path = DragSortTableViewDemo;
			sourceTree = "<group>";
		};
		24D9378A244983BD000A3288 /* DRUIKit */ = {
			isa = PBXGroup;
			children = (
				24D937562449810D000A3288 /* DRUIKitViewController.h */,
				24D937572449810D000A3288 /* DRUIkitViewController.m */,
				24D9383F244984CD000A3288 /* DatePicker.storyboard */,
				24D93843244984CE000A3288 /* DRComponentPageController.h */,
				24D93846244984CE000A3288 /* DRComponentPageController.m */,
				24D93840244984CD000A3288 /* DRDatePickerViewController.h */,
				24D93842244984CE000A3288 /* DRDatePickerViewController.m */,
				24D9384C244984CE000A3288 /* DRFocusTempleViewController.h */,
				24D93848244984CE000A3288 /* DRFocusTempleViewController.m */,
				24D9384D244984CE000A3288 /* DRHorizenPageController.h */,
				24D93844244984CE000A3288 /* DRHorizenPageController.m */,
				24D93847244984CE000A3288 /* DRPageTemplateCell.h */,
				24D9384F244984CF000A3288 /* DRPageTemplateCell.m */,
				24D9384B244984CE000A3288 /* DRPageTemplateCell.xib */,
				24D93841244984CE000A3288 /* DRSegmentTemplateController.h */,
				24D9383D244984CD000A3288 /* DRSegmentTemplateController.m */,
				24D93845244984CE000A3288 /* DRStarRateViewController.h */,
				24D9383E244984CD000A3288 /* DRStarRateViewController.m */,
				24D9383C244984CD000A3288 /* DRVerticalColelctionController.h */,
				24D9384E244984CE000A3288 /* DRVerticalColelctionController.m */,
				24D93849244984CE000A3288 /* DRVoiceWaveController.h */,
				24D9384A244984CE000A3288 /* DRVoiceWaveController.m */,
			);
			path = DRUIKit;
			sourceTree = "<group>";
		};
		24D938012449842B000A3288 /* ScrollableTest */ = {
			isa = PBXGroup;
			children = (
				24D9375924498313000A3288 /* DRScrollableTestViewController.h */,
				24D9375A24498313000A3288 /* DRScrollableTestViewController.m */,
				24D9375C2449832C000A3288 /* CollectionViewDemo */,
				24D937732449832D000A3288 /* DragSortTableViewDemo */,
			);
			path = ScrollableTest;
			sourceTree = "<group>";
		};
		6003F581195388D10070C39A = {
			isa = PBXGroup;
			children = (
				60FF7A9C1954A5C5007DD14C /* Podspec Metadata */,
				6003F593195388D20070C39A /* Example for DRPickerViews */,
				6003F5B5195388D20070C39A /* Tests */,
				6003F58C195388D20070C39A /* Frameworks */,
				6003F58B195388D20070C39A /* Products */,
				CAC274F2056C15387A462E38 /* Pods */,
			);
			sourceTree = "<group>";
		};
		6003F58B195388D20070C39A /* Products */ = {
			isa = PBXGroup;
			children = (
				6003F58A195388D20070C39A /* DRPickerViews_Example.app */,
				6003F5AE195388D20070C39A /* DRPickerViews_Tests.xctest */,
			);
			name = Products;
			sourceTree = "<group>";
		};
		6003F58C195388D20070C39A /* Frameworks */ = {
			isa = PBXGroup;
			children = (
				6003F58D195388D20070C39A /* Foundation.framework */,
				6003F58F195388D20070C39A /* CoreGraphics.framework */,
				6003F591195388D20070C39A /* UIKit.framework */,
				6003F5AF195388D20070C39A /* XCTest.framework */,
				531B7C7A17735D74E729DCF8 /* Pods_DRPickerViews_Example.framework */,
				C289CB6368DE7ABF91072549 /* Pods_DRPickerViews_Tests.framework */,
			);
			name = Frameworks;
			sourceTree = "<group>";
		};
		6003F593195388D20070C39A /* Example for DRPickerViews */ = {
			isa = PBXGroup;
			children = (
				6003F59C195388D20070C39A /* DRAppDelegate.h */,
				6003F59D195388D20070C39A /* DRAppDelegate.m */,
				873B8AEA1B1F5CCA007FD442 /* Main.storyboard */,
				6003F5A5195388D20070C39A /* DRViewController.h */,
				6003F5A6195388D20070C39A /* DRViewController.m */,
				24D9385B2449856A000A3288 /* DROtherTestController.h */,
				24D9385C2449856A000A3288 /* DROtherTestController.m */,
				24D9378A244983BD000A3288 /* DRUIKit */,
				24D938012449842B000A3288 /* ScrollableTest */,
				71719F9D1E33DC2100824A3D /* LaunchScreen.storyboard */,
				24CC6B28235DB068004E94DA /* city_list.json */,
				6003F5A8195388D20070C39A /* Images.xcassets */,
				6003F594195388D20070C39A /* Supporting Files */,
			);
			name = "Example for DRPickerViews";
			path = DRPickerViews;
			sourceTree = "<group>";
		};
		6003F594195388D20070C39A /* Supporting Files */ = {
			isa = PBXGroup;
			children = (
				6003F595195388D20070C39A /* DRPickerViews-Info.plist */,
				6003F596195388D20070C39A /* InfoPlist.strings */,
				6003F599195388D20070C39A /* main.m */,
				6003F59B195388D20070C39A /* DRPickerViews-Prefix.pch */,
			);
			name = "Supporting Files";
			sourceTree = "<group>";
		};
		6003F5B5195388D20070C39A /* Tests */ = {
			isa = PBXGroup;
			children = (
				6003F5BB195388D20070C39A /* Tests.m */,
				6003F5B6195388D20070C39A /* Supporting Files */,
			);
			path = Tests;
			sourceTree = "<group>";
		};
		6003F5B6195388D20070C39A /* Supporting Files */ = {
			isa = PBXGroup;
			children = (
				6003F5B7195388D20070C39A /* Tests-Info.plist */,
				6003F5B8195388D20070C39A /* InfoPlist.strings */,
				606FC2411953D9B200FFA9A0 /* Tests-Prefix.pch */,
			);
			name = "Supporting Files";
			sourceTree = "<group>";
		};
		60FF7A9C1954A5C5007DD14C /* Podspec Metadata */ = {
			isa = PBXGroup;
			children = (
				C6891944E3A7DE42DBA03111 /* DRPickerViews.podspec */,
				962383468E3BE17A2AF20FA7 /* README.md */,
				5CA94E08B2912561F3631B3E /* LICENSE */,
			);
			name = "Podspec Metadata";
			sourceTree = "<group>";
		};
		CAC274F2056C15387A462E38 /* Pods */ = {
			isa = PBXGroup;
			children = (
				ED36938946654132B991B6B2 /* Pods-DRPickerViews_Example.debug.xcconfig */,
				248A6414558C264E90E0BBE2 /* Pods-DRPickerViews_Example.release.xcconfig */,
				8F40CA8BDA297C5320EE556A /* Pods-DRPickerViews_Tests.debug.xcconfig */,
				4FA2FB32FA8AB473EF858EAF /* Pods-DRPickerViews_Tests.release.xcconfig */,
			);
			path = Pods;
			sourceTree = "<group>";
		};
/* End PBXGroup section */

/* Begin PBXNativeTarget section */
		6003F589195388D20070C39A /* DRPickerViews_Example */ = {
			isa = PBXNativeTarget;
			buildConfigurationList = 6003F5BF195388D20070C39A /* Build configuration list for PBXNativeTarget "DRPickerViews_Example" */;
			buildPhases = (
				C83340547A94D4DDFF886BB4 /* [CP] Check Pods Manifest.lock */,
				6003F586195388D20070C39A /* Sources */,
				6003F587195388D20070C39A /* Frameworks */,
				6003F588195388D20070C39A /* Resources */,
				52FE8CFA3C7A1658A2CDA0FC /* [CP] Embed Pods Frameworks */,
			);
			buildRules = (
			);
			dependencies = (
			);
			name = DRPickerViews_Example;
			productName = DRPickerViews;
			productReference = 6003F58A195388D20070C39A /* DRPickerViews_Example.app */;
			productType = "com.apple.product-type.application";
		};
		6003F5AD195388D20070C39A /* DRPickerViews_Tests */ = {
			isa = PBXNativeTarget;
			buildConfigurationList = 6003F5C2195388D20070C39A /* Build configuration list for PBXNativeTarget "DRPickerViews_Tests" */;
			buildPhases = (
				061653E51956EDB9F75623CF /* [CP] Check Pods Manifest.lock */,
				6003F5AA195388D20070C39A /* Sources */,
				6003F5AB195388D20070C39A /* Frameworks */,
				6003F5AC195388D20070C39A /* Resources */,
			);
			buildRules = (
			);
			dependencies = (
				6003F5B4195388D20070C39A /* PBXTargetDependency */,
			);
			name = DRPickerViews_Tests;
			productName = DRPickerViewsTests;
			productReference = 6003F5AE195388D20070C39A /* DRPickerViews_Tests.xctest */;
			productType = "com.apple.product-type.bundle.unit-test";
		};
/* End PBXNativeTarget section */

/* Begin PBXProject section */
		6003F582195388D10070C39A /* Project object */ = {
			isa = PBXProject;
			attributes = {
				CLASSPREFIX = DR;
				LastUpgradeCheck = 0720;
				ORGANIZATIONNAME = Dean_F;
				TargetAttributes = {
					6003F589195388D20070C39A = {
						DevelopmentTeam = RRKA38P3VU;
					};
					6003F5AD195388D20070C39A = {
						TestTargetID = 6003F589195388D20070C39A;
					};
				};
			};
			buildConfigurationList = 6003F585195388D10070C39A /* Build configuration list for PBXProject "DRPickerViews" */;
			compatibilityVersion = "Xcode 3.2";
			developmentRegion = English;
			hasScannedForEncodings = 0;
			knownRegions = (
				English,
				en,
				Base,
			);
			mainGroup = 6003F581195388D10070C39A;
			productRefGroup = 6003F58B195388D20070C39A /* Products */;
			projectDirPath = "";
			projectRoot = "";
			targets = (
				6003F589195388D20070C39A /* DRPickerViews_Example */,
				6003F5AD195388D20070C39A /* DRPickerViews_Tests */,
			);
		};
/* End PBXProject section */

/* Begin PBXResourcesBuildPhase section */
		6003F588195388D20070C39A /* Resources */ = {
			isa = PBXResourcesBuildPhase;
			buildActionMask = 2147483647;
			files = (
				24D937832449832D000A3288 /* TimeFlow.xcassets in Resources */,
				873B8AEB1B1F5CCA007FD442 /* Main.storyboard in Resources */,
				24D937812449832D000A3288 /* DRTimeFlowViewController.xib in Resources */,
				71719F9F1E33DC2100824A3D /* LaunchScreen.storyboard in Resources */,
				24D9377E2449832D000A3288 /* DRFoldableOptionCell.xib in Resources */,
				24D9377D2449832D000A3288 /* FoldableOptionView.xcassets in Resources */,
				24D937842449832D000A3288 /* DRTimeFlowCell.xib in Resources */,
				24D937882449832D000A3288 /* DRDragSortDeleteCell.xib in Resources */,
				24D93858244984CF000A3288 /* DRPageTemplateCell.xib in Resources */,
				24D93852244984CF000A3288 /* DatePicker.storyboard in Resources */,
				24CC6B29235DB068004E94DA /* city_list.json in Resources */,
				6003F5A9195388D20070C39A /* Images.xcassets in Resources */,
				6003F598195388D20070C39A /* InfoPlist.strings in Resources */,
			);
			runOnlyForDeploymentPostprocessing = 0;
		};
		6003F5AC195388D20070C39A /* Resources */ = {
			isa = PBXResourcesBuildPhase;
			buildActionMask = 2147483647;
			files = (
				6003F5BA195388D20070C39A /* InfoPlist.strings in Resources */,
			);
			runOnlyForDeploymentPostprocessing = 0;
		};
/* End PBXResourcesBuildPhase section */

/* Begin PBXShellScriptBuildPhase section */
		061653E51956EDB9F75623CF /* [CP] Check Pods Manifest.lock */ = {
			isa = PBXShellScriptBuildPhase;
			buildActionMask = 2147483647;
			files = (
			);
			inputFileListPaths = (
			);
			inputPaths = (
				"${PODS_PODFILE_DIR_PATH}/Podfile.lock",
				"${PODS_ROOT}/Manifest.lock",
			);
			name = "[CP] Check Pods Manifest.lock";
			outputFileListPaths = (
			);
			outputPaths = (
				"$(DERIVED_FILE_DIR)/Pods-DRPickerViews_Tests-checkManifestLockResult.txt",
			);
			runOnlyForDeploymentPostprocessing = 0;
			shellPath = /bin/sh;
			shellScript = "diff \"${PODS_PODFILE_DIR_PATH}/Podfile.lock\" \"${PODS_ROOT}/Manifest.lock\" > /dev/null\nif [ $? != 0 ] ; then\n    # print error to STDERR\n    echo \"error: The sandbox is not in sync with the Podfile.lock. Run 'pod install' or update your CocoaPods installation.\" >&2\n    exit 1\nfi\n# This output is used by Xcode 'outputs' to avoid re-running this script phase.\necho \"SUCCESS\" > \"${SCRIPT_OUTPUT_FILE_0}\"\n";
			showEnvVarsInLog = 0;
		};
		52FE8CFA3C7A1658A2CDA0FC /* [CP] Embed Pods Frameworks */ = {
			isa = PBXShellScriptBuildPhase;
			buildActionMask = 2147483647;
			files = (
			);
			inputPaths = (
				"${PODS_ROOT}/Target Support Files/Pods-DRPickerViews_Example/Pods-DRPickerViews_Example-frameworks.sh",
				"${BUILT_PRODUCTS_DIR}/Aspects/Aspects.framework",
				"${BUILT_PRODUCTS_DIR}/BlocksKit/BlocksKit.framework",
				"${BUILT_PRODUCTS_DIR}/DRCategories/DRCategories.framework",
				"${BUILT_PRODUCTS_DIR}/DRPickerViews/DRPickerViews.framework",
				"${BUILT_PRODUCTS_DIR}/DRSandboxManager/DRSandboxManager.framework",
				"${BUILT_PRODUCTS_DIR}/DRToastView/DRToastView.framework",
				"${BUILT_PRODUCTS_DIR}/HexColors/HexColors.framework",
				"${BUILT_PRODUCTS_DIR}/JXExtension/JXExtension.framework",
				"${BUILT_PRODUCTS_DIR}/Masonry/Masonry.framework",
				"${BUILT_PRODUCTS_DIR}/RTRootNavigationController/RTRootNavigationController.framework",
				"${BUILT_PRODUCTS_DIR}/RegExCategories/RegExCategories.framework",
				"${BUILT_PRODUCTS_DIR}/SDVersion/SDVersion.framework",
				"${BUILT_PRODUCTS_DIR}/SDWebImage/SDWebImage.framework",
				"${BUILT_PRODUCTS_DIR}/YYModel/YYModel.framework",
				"${BUILT_PRODUCTS_DIR}/pop/pop.framework",
			);
			name = "[CP] Embed Pods Frameworks";
			outputPaths = (
				"${TARGET_BUILD_DIR}/${FRAMEWORKS_FOLDER_PATH}/Aspects.framework",
				"${TARGET_BUILD_DIR}/${FRAMEWORKS_FOLDER_PATH}/BlocksKit.framework",
				"${TARGET_BUILD_DIR}/${FRAMEWORKS_FOLDER_PATH}/DRCategories.framework",
				"${TARGET_BUILD_DIR}/${FRAMEWORKS_FOLDER_PATH}/DRPickerViews.framework",
				"${TARGET_BUILD_DIR}/${FRAMEWORKS_FOLDER_PATH}/DRSandboxManager.framework",
				"${TARGET_BUILD_DIR}/${FRAMEWORKS_FOLDER_PATH}/DRToastView.framework",
				"${TARGET_BUILD_DIR}/${FRAMEWORKS_FOLDER_PATH}/HexColors.framework",
				"${TARGET_BUILD_DIR}/${FRAMEWORKS_FOLDER_PATH}/JXExtension.framework",
				"${TARGET_BUILD_DIR}/${FRAMEWORKS_FOLDER_PATH}/Masonry.framework",
				"${TARGET_BUILD_DIR}/${FRAMEWORKS_FOLDER_PATH}/RTRootNavigationController.framework",
				"${TARGET_BUILD_DIR}/${FRAMEWORKS_FOLDER_PATH}/RegExCategories.framework",
				"${TARGET_BUILD_DIR}/${FRAMEWORKS_FOLDER_PATH}/SDVersion.framework",
				"${TARGET_BUILD_DIR}/${FRAMEWORKS_FOLDER_PATH}/SDWebImage.framework",
				"${TARGET_BUILD_DIR}/${FRAMEWORKS_FOLDER_PATH}/YYModel.framework",
				"${TARGET_BUILD_DIR}/${FRAMEWORKS_FOLDER_PATH}/pop.framework",
			);
			runOnlyForDeploymentPostprocessing = 0;
			shellPath = /bin/sh;
			shellScript = "\"${PODS_ROOT}/Target Support Files/Pods-DRPickerViews_Example/Pods-DRPickerViews_Example-frameworks.sh\"\n";
			showEnvVarsInLog = 0;
		};
		C83340547A94D4DDFF886BB4 /* [CP] Check Pods Manifest.lock */ = {
			isa = PBXShellScriptBuildPhase;
			buildActionMask = 2147483647;
			files = (
			);
			inputFileListPaths = (
			);
			inputPaths = (
				"${PODS_PODFILE_DIR_PATH}/Podfile.lock",
				"${PODS_ROOT}/Manifest.lock",
			);
			name = "[CP] Check Pods Manifest.lock";
			outputFileListPaths = (
			);
			outputPaths = (
				"$(DERIVED_FILE_DIR)/Pods-DRPickerViews_Example-checkManifestLockResult.txt",
			);
			runOnlyForDeploymentPostprocessing = 0;
			shellPath = /bin/sh;
			shellScript = "diff \"${PODS_PODFILE_DIR_PATH}/Podfile.lock\" \"${PODS_ROOT}/Manifest.lock\" > /dev/null\nif [ $? != 0 ] ; then\n    # print error to STDERR\n    echo \"error: The sandbox is not in sync with the Podfile.lock. Run 'pod install' or update your CocoaPods installation.\" >&2\n    exit 1\nfi\n# This output is used by Xcode 'outputs' to avoid re-running this script phase.\necho \"SUCCESS\" > \"${SCRIPT_OUTPUT_FILE_0}\"\n";
			showEnvVarsInLog = 0;
		};
/* End PBXShellScriptBuildPhase section */

/* Begin PBXSourcesBuildPhase section */
		6003F586195388D20070C39A /* Sources */ = {
			isa = PBXSourcesBuildPhase;
			buildActionMask = 2147483647;
			files = (
				24D93851244984CF000A3288 /* DRStarRateViewController.m in Sources */,
				24D937822449832D000A3288 /* DRTimeFlowPullRefreshView.m in Sources */,
				24D9375B24498313000A3288 /* DRScrollableTestViewController.m in Sources */,
				24D93857244984CF000A3288 /* DRVoiceWaveController.m in Sources */,
				24D9377F2449832D000A3288 /* DRFoldableOptionCell.m in Sources */,
				24D93855244984CF000A3288 /* DRComponentPageController.m in Sources */,
				24D9385D2449856A000A3288 /* DROtherTestController.m in Sources */,
				24D9377C2449832D000A3288 /* DRFoldableItemModel.m in Sources */,
				24D937872449832D000A3288 /* DRTextScrollViewViewController.m in Sources */,
				24D9377B2449832D000A3288 /* DRFoldableOptionItemViewController.m in Sources */,
				24D93856244984CF000A3288 /* DRFocusTempleViewController.m in Sources */,
				24D937862449832D000A3288 /* DRDragSortTableViewController.m in Sources */,
				24D93854244984CF000A3288 /* DRHorizenPageController.m in Sources */,
				24D93850244984CF000A3288 /* DRSegmentTemplateController.m in Sources */,
				24D937852449832D000A3288 /* DRTimeFlowCell.m in Sources */,
				24D937892449832D000A3288 /* DRDragSortDeleteCell.m in Sources */,
				6003F59E195388D20070C39A /* DRAppDelegate.m in Sources */,
				24D93859244984CF000A3288 /* DRVerticalColelctionController.m in Sources */,
				24D93853244984CF000A3288 /* DRDatePickerViewController.m in Sources */,
				24D9385A244984CF000A3288 /* DRPageTemplateCell.m in Sources */,
				24D937582449810D000A3288 /* DRUIkitViewController.m in Sources */,
				6003F5A7195388D20070C39A /* DRViewController.m in Sources */,
				6003F59A195388D20070C39A /* main.m in Sources */,
				24D937802449832D000A3288 /* DRTimeFlowViewController.m in Sources */,
			);
			runOnlyForDeploymentPostprocessing = 0;
		};
		6003F5AA195388D20070C39A /* Sources */ = {
			isa = PBXSourcesBuildPhase;
			buildActionMask = 2147483647;
			files = (
				6003F5BC195388D20070C39A /* Tests.m in Sources */,
			);
			runOnlyForDeploymentPostprocessing = 0;
		};
/* End PBXSourcesBuildPhase section */

/* Begin PBXTargetDependency section */
		6003F5B4195388D20070C39A /* PBXTargetDependency */ = {
			isa = PBXTargetDependency;
			target = 6003F589195388D20070C39A /* DRPickerViews_Example */;
			targetProxy = 6003F5B3195388D20070C39A /* PBXContainerItemProxy */;
		};
/* End PBXTargetDependency section */

/* Begin PBXVariantGroup section */
		6003F596195388D20070C39A /* InfoPlist.strings */ = {
			isa = PBXVariantGroup;
			children = (
				6003F597195388D20070C39A /* en */,
			);
			name = InfoPlist.strings;
			sourceTree = "<group>";
		};
		6003F5B8195388D20070C39A /* InfoPlist.strings */ = {
			isa = PBXVariantGroup;
			children = (
				6003F5B9195388D20070C39A /* en */,
			);
			name = InfoPlist.strings;
			sourceTree = "<group>";
		};
		71719F9D1E33DC2100824A3D /* LaunchScreen.storyboard */ = {
			isa = PBXVariantGroup;
			children = (
				71719F9E1E33DC2100824A3D /* Base */,
			);
			name = LaunchScreen.storyboard;
			sourceTree = "<group>";
		};
/* End PBXVariantGroup section */

/* Begin XCBuildConfiguration section */
		6003F5BD195388D20070C39A /* Debug */ = {
			isa = XCBuildConfiguration;
			buildSettings = {
				ALWAYS_SEARCH_USER_PATHS = NO;
				CLANG_CXX_LANGUAGE_STANDARD = "gnu++0x";
				CLANG_CXX_LIBRARY = "libc++";
				CLANG_ENABLE_MODULES = YES;
				CLANG_ENABLE_OBJC_ARC = YES;
				CLANG_WARN_BOOL_CONVERSION = YES;
				CLANG_WARN_CONSTANT_CONVERSION = YES;
				CLANG_WARN_DIRECT_OBJC_ISA_USAGE = YES_ERROR;
				CLANG_WARN_EMPTY_BODY = YES;
				CLANG_WARN_ENUM_CONVERSION = YES;
				CLANG_WARN_INT_CONVERSION = YES;
				CLANG_WARN_OBJC_ROOT_CLASS = YES_ERROR;
				CLANG_WARN__DUPLICATE_METHOD_MATCH = YES;
				"CODE_SIGN_IDENTITY[sdk=iphoneos*]" = "iPhone Developer";
				COPY_PHASE_STRIP = NO;
				ENABLE_TESTABILITY = YES;
				GCC_C_LANGUAGE_STANDARD = gnu99;
				GCC_DYNAMIC_NO_PIC = NO;
				GCC_OPTIMIZATION_LEVEL = 0;
				GCC_PREPROCESSOR_DEFINITIONS = (
					"DEBUG=1",
					"$(inherited)",
				);
				GCC_SYMBOLS_PRIVATE_EXTERN = NO;
				GCC_WARN_64_TO_32_BIT_CONVERSION = YES;
				GCC_WARN_ABOUT_RETURN_TYPE = YES_ERROR;
				GCC_WARN_UNDECLARED_SELECTOR = YES;
				GCC_WARN_UNINITIALIZED_AUTOS = YES_AGGRESSIVE;
				GCC_WARN_UNUSED_FUNCTION = YES;
				GCC_WARN_UNUSED_VARIABLE = YES;
				IPHONEOS_DEPLOYMENT_TARGET = 9.3;
				ONLY_ACTIVE_ARCH = YES;
				SDKROOT = iphoneos;
				TARGETED_DEVICE_FAMILY = "1,2";
			};
			name = Debug;
		};
		6003F5BE195388D20070C39A /* Release */ = {
			isa = XCBuildConfiguration;
			buildSettings = {
				ALWAYS_SEARCH_USER_PATHS = NO;
				CLANG_CXX_LANGUAGE_STANDARD = "gnu++0x";
				CLANG_CXX_LIBRARY = "libc++";
				CLANG_ENABLE_MODULES = YES;
				CLANG_ENABLE_OBJC_ARC = YES;
				CLANG_WARN_BOOL_CONVERSION = YES;
				CLANG_WARN_CONSTANT_CONVERSION = YES;
				CLANG_WARN_DIRECT_OBJC_ISA_USAGE = YES_ERROR;
				CLANG_WARN_EMPTY_BODY = YES;
				CLANG_WARN_ENUM_CONVERSION = YES;
				CLANG_WARN_INT_CONVERSION = YES;
				CLANG_WARN_OBJC_ROOT_CLASS = YES_ERROR;
				CLANG_WARN__DUPLICATE_METHOD_MATCH = YES;
				"CODE_SIGN_IDENTITY[sdk=iphoneos*]" = "iPhone Developer";
				COPY_PHASE_STRIP = YES;
				ENABLE_NS_ASSERTIONS = NO;
				GCC_C_LANGUAGE_STANDARD = gnu99;
				GCC_WARN_64_TO_32_BIT_CONVERSION = YES;
				GCC_WARN_ABOUT_RETURN_TYPE = YES_ERROR;
				GCC_WARN_UNDECLARED_SELECTOR = YES;
				GCC_WARN_UNINITIALIZED_AUTOS = YES_AGGRESSIVE;
				GCC_WARN_UNUSED_FUNCTION = YES;
				GCC_WARN_UNUSED_VARIABLE = YES;
				IPHONEOS_DEPLOYMENT_TARGET = 9.3;
				SDKROOT = iphoneos;
				TARGETED_DEVICE_FAMILY = "1,2";
				VALIDATE_PRODUCT = YES;
			};
			name = Release;
		};
		6003F5C0195388D20070C39A /* Debug */ = {
			isa = XCBuildConfiguration;
			baseConfigurationReference = ED36938946654132B991B6B2 /* Pods-DRPickerViews_Example.debug.xcconfig */;
			buildSettings = {
				ASSETCATALOG_COMPILER_APPICON_NAME = AppIcon;
				DEVELOPMENT_TEAM = RRKA38P3VU;
				GCC_PRECOMPILE_PREFIX_HEADER = YES;
				GCC_PREFIX_HEADER = "DRPickerViews/DRPickerViews-Prefix.pch";
				HEADER_SEARCH_PATHS = (
					"$(inherited)",
					"\"${PODS_CONFIGURATION_BUILD_DIR}/DRCategories/DRCategories.framework/Headers\"",
					"\"${PODS_CONFIGURATION_BUILD_DIR}/DRPickerViews/DRPickerViews.framework/Headers\"",
					"\"${PODS_CONFIGURATION_BUILD_DIR}/DRSandboxManager/DRSandboxManager.framework/Headers\"",
					"\"${PODS_CONFIGURATION_BUILD_DIR}/FunctionalObjC/FBLFunctional.framework/Headers\"",
					"\"${PODS_CONFIGURATION_BUILD_DIR}/HexColors/HexColors.framework/Headers\"",
					"\"${PODS_CONFIGURATION_BUILD_DIR}/JXExtension/JXExtension.framework/Headers\"",
					"\"${PODS_CONFIGURATION_BUILD_DIR}/MJExtension/MJExtension.framework/Headers\"",
					"\"${PODS_CONFIGURATION_BUILD_DIR}/Masonry/Masonry.framework/Headers\"",
					"\"${PODS_CONFIGURATION_BUILD_DIR}/SDVersion/SDVersion.framework/Headers\"",
					"\"${PODS_CONFIGURATION_BUILD_DIR}/SSZipArchive/SSZipArchive.framework/Headers\"",
					"\"${PODS_CONFIGURATION_BUILD_DIR}/YYModel/YYModel.framework/Headers\"",
					"\"${PODS_CONFIGURATION_BUILD_DIR}/YYText/YYText.framework/Headers\"",
					"\"${PODS_CONFIGURATION_BUILD_DIR}/pop/pop.framework/Headers\"",
					"\"${PODS_ROOT}/Headers/Public\"",
					"\"${PODS_ROOT}/Headers/Public/DRMacroDefines\"",
					"$(SRCROOT)/**",
				);
				INFOPLIST_FILE = "DRPickerViews/DRPickerViews-Info.plist";
				MODULE_NAME = ExampleApp;
				PRODUCT_BUNDLE_IDENTIFIER = "org.cocoapods.demo.${PRODUCT_NAME:rfc1034identifier}";
				PRODUCT_NAME = "$(TARGET_NAME)";
				SWIFT_VERSION = 4.0;
				WRAPPER_EXTENSION = app;
			};
			name = Debug;
		};
		6003F5C1195388D20070C39A /* Release */ = {
			isa = XCBuildConfiguration;
			baseConfigurationReference = 248A6414558C264E90E0BBE2 /* Pods-DRPickerViews_Example.release.xcconfig */;
			buildSettings = {
				ASSETCATALOG_COMPILER_APPICON_NAME = AppIcon;
				DEVELOPMENT_TEAM = RRKA38P3VU;
				GCC_PRECOMPILE_PREFIX_HEADER = YES;
				GCC_PREFIX_HEADER = "DRPickerViews/DRPickerViews-Prefix.pch";
				HEADER_SEARCH_PATHS = (
					"$(inherited)",
					"\"${PODS_CONFIGURATION_BUILD_DIR}/DRCategories/DRCategories.framework/Headers\"",
					"\"${PODS_CONFIGURATION_BUILD_DIR}/DRPickerViews/DRPickerViews.framework/Headers\"",
					"\"${PODS_CONFIGURATION_BUILD_DIR}/DRSandboxManager/DRSandboxManager.framework/Headers\"",
					"\"${PODS_CONFIGURATION_BUILD_DIR}/FunctionalObjC/FBLFunctional.framework/Headers\"",
					"\"${PODS_CONFIGURATION_BUILD_DIR}/HexColors/HexColors.framework/Headers\"",
					"\"${PODS_CONFIGURATION_BUILD_DIR}/JXExtension/JXExtension.framework/Headers\"",
					"\"${PODS_CONFIGURATION_BUILD_DIR}/MJExtension/MJExtension.framework/Headers\"",
					"\"${PODS_CONFIGURATION_BUILD_DIR}/Masonry/Masonry.framework/Headers\"",
					"\"${PODS_CONFIGURATION_BUILD_DIR}/SDVersion/SDVersion.framework/Headers\"",
					"\"${PODS_CONFIGURATION_BUILD_DIR}/SSZipArchive/SSZipArchive.framework/Headers\"",
					"\"${PODS_CONFIGURATION_BUILD_DIR}/YYModel/YYModel.framework/Headers\"",
					"\"${PODS_CONFIGURATION_BUILD_DIR}/YYText/YYText.framework/Headers\"",
					"\"${PODS_CONFIGURATION_BUILD_DIR}/pop/pop.framework/Headers\"",
					"\"${PODS_ROOT}/Headers/Public\"",
					"\"${PODS_ROOT}/Headers/Public/DRMacroDefines\"",
					"$(SRCROOT)/**",
				);
				INFOPLIST_FILE = "DRPickerViews/DRPickerViews-Info.plist";
				MODULE_NAME = ExampleApp;
				PRODUCT_BUNDLE_IDENTIFIER = "org.cocoapods.demo.${PRODUCT_NAME:rfc1034identifier}";
				PRODUCT_NAME = "$(TARGET_NAME)";
				SWIFT_VERSION = 4.0;
				WRAPPER_EXTENSION = app;
			};
			name = Release;
		};
		6003F5C3195388D20070C39A /* Debug */ = {
			isa = XCBuildConfiguration;
			baseConfigurationReference = 8F40CA8BDA297C5320EE556A /* Pods-DRPickerViews_Tests.debug.xcconfig */;
			buildSettings = {
				BUNDLE_LOADER = "$(TEST_HOST)";
				FRAMEWORK_SEARCH_PATHS = (
					"$(PLATFORM_DIR)/Developer/Library/Frameworks",
					"$(inherited)",
					"$(DEVELOPER_FRAMEWORKS_DIR)",
				);
				GCC_PRECOMPILE_PREFIX_HEADER = YES;
				GCC_PREFIX_HEADER = "Tests/Tests-Prefix.pch";
				GCC_PREPROCESSOR_DEFINITIONS = (
					"DEBUG=1",
					"$(inherited)",
				);
				INFOPLIST_FILE = "Tests/Tests-Info.plist";
				PRODUCT_BUNDLE_IDENTIFIER = "org.cocoapods.demo.${PRODUCT_NAME:rfc1034identifier}";
				PRODUCT_NAME = "$(TARGET_NAME)";
				SWIFT_VERSION = 4.0;
				TEST_HOST = "$(BUILT_PRODUCTS_DIR)/DRPickerViews_Example.app/DRPickerViews_Example";
				WRAPPER_EXTENSION = xctest;
			};
			name = Debug;
		};
		6003F5C4195388D20070C39A /* Release */ = {
			isa = XCBuildConfiguration;
			baseConfigurationReference = 4FA2FB32FA8AB473EF858EAF /* Pods-DRPickerViews_Tests.release.xcconfig */;
			buildSettings = {
				BUNDLE_LOADER = "$(TEST_HOST)";
				FRAMEWORK_SEARCH_PATHS = (
					"$(PLATFORM_DIR)/Developer/Library/Frameworks",
					"$(inherited)",
					"$(DEVELOPER_FRAMEWORKS_DIR)",
				);
				GCC_PRECOMPILE_PREFIX_HEADER = YES;
				GCC_PREFIX_HEADER = "Tests/Tests-Prefix.pch";
				INFOPLIST_FILE = "Tests/Tests-Info.plist";
				PRODUCT_BUNDLE_IDENTIFIER = "org.cocoapods.demo.${PRODUCT_NAME:rfc1034identifier}";
				PRODUCT_NAME = "$(TARGET_NAME)";
				SWIFT_VERSION = 4.0;
				TEST_HOST = "$(BUILT_PRODUCTS_DIR)/DRPickerViews_Example.app/DRPickerViews_Example";
				WRAPPER_EXTENSION = xctest;
			};
			name = Release;
		};
/* End XCBuildConfiguration section */

/* Begin XCConfigurationList section */
		6003F585195388D10070C39A /* Build configuration list for PBXProject "DRPickerViews" */ = {
			isa = XCConfigurationList;
			buildConfigurations = (
				6003F5BD195388D20070C39A /* Debug */,
				6003F5BE195388D20070C39A /* Release */,
			);
			defaultConfigurationIsVisible = 0;
			defaultConfigurationName = Release;
		};
		6003F5BF195388D20070C39A /* Build configuration list for PBXNativeTarget "DRPickerViews_Example" */ = {
			isa = XCConfigurationList;
			buildConfigurations = (
				6003F5C0195388D20070C39A /* Debug */,
				6003F5C1195388D20070C39A /* Release */,
			);
			defaultConfigurationIsVisible = 0;
			defaultConfigurationName = Release;
		};
		6003F5C2195388D20070C39A /* Build configuration list for PBXNativeTarget "DRPickerViews_Tests" */ = {
			isa = XCConfigurationList;
			buildConfigurations = (
				6003F5C3195388D20070C39A /* Debug */,
				6003F5C4195388D20070C39A /* Release */,
			);
			defaultConfigurationIsVisible = 0;
			defaultConfigurationName = Release;
		};
/* End XCConfigurationList section */
	};
	rootObject = 6003F582195388D10070C39A /* Project object */;
}
